
Microsoft Visual Studio Solution File, Format Version 12.00
# Visual Studio Version 16
VisualStudioVersion = 16.0.29609.76
MinimumVisualStudioVersion = 10.0.40219.1
Project("{FAE04EC0-301F-11D3-BF4B-00C04F79EFBC}") = "phoenix_point_JP", "phoenix_point_JP\phoenix_point_JP.csproj", "{B8B5D96A-CEEE-4914-B7A6-67EE54F2D243}"
EndProject
Project("{FAE04EC0-301F-11D3-BF4B-00C04F79EFBC}") = "extract_text", "extract_text\extract_text.csproj", "{F1B39DD8-1F67-414A-8098-FBC021B66AA7}"
EndProject
Project("{FAE04EC0-301F-11D3-BF4B-00C04F79EFBC}") = "wapp", "wapp\wapp.csproj", "{6FF5DD45-1AF4-41FB-A137-881DA8CE1635}"
EndProject
Global
	GlobalSection(SolutionConfigurationPlatforms) = preSolution
		Debug|Any CPU = Debug|Any CPU
		Release|Any CPU = Release|Any CPU
	EndGlobalSection
	GlobalSection(ProjectConfigurationPlatforms) = postSolution
		{B8B5D96A-CEEE-4914-B7A6-67EE54F2D243}.Debug|Any CPU.ActiveCfg = Debug|Any CPU
		{B8B5D96A-CEEE-4914-B7A6-67EE54F2D243}.Debug|Any CPU.Build.0 = Debug|Any CPU
		{B8B5D96A-CEEE-4914-B7A6-67EE54F2D243}.Release|Any CPU.ActiveCfg = Release|Any CPU
		{B8B5D96A-CEEE-4914-B7A6-67EE54F2D243}.Release|Any CPU.Build.0 = Release|Any CPU
		{F1B39DD8-1F67-414A-8098-FBC021B66AA7}.Debug|Any CPU.ActiveCfg = Debug|Any CPU
		{F1B39DD8-1F67-414A-8098-FBC021B66AA7}.Debug|Any CPU.Build.0 = Debug|Any CPU
		{F1B39DD8-1F67-414A-8098-FBC021B66AA7}.Release|Any CPU.ActiveCfg = Release|Any CPU
		{F1B39DD8-1F67-414A-8098-FBC021B66AA7}.Release|Any CPU.Build.0 = Release|Any CPU
		{6FF5DD45-1AF4-41FB-A137-881DA8CE1635}.Debug|Any CPU.ActiveCfg = Debug|Any CPU
		{6FF5DD45-1AF4-41FB-A137-881DA8CE1635}.Debug|Any CPU.Build.0 = Debug|Any CPU
		{6FF5DD45-1AF4-41FB-A137-881DA8CE1635}.Release|Any CPU.ActiveCfg = Release|Any CPU
		{6FF5DD45-1AF4-41FB-A137-881DA8CE1635}.Release|Any CPU.Build.0 = Release|Any CPU
	EndGlobalSection
	GlobalSection(SolutionProperties) = preSolution
		HideSolutionNode = FALSE
	EndGlobalSection
	GlobalSection(ExtensibilityGlobals) = postSolution
		SolutionGuid = {E1B6EFA8-0EC5-449A-BA8E-53E657DBF160}
	EndGlobalSection
EndGlobal
